PODS:
  - LatentJamOrtOps (1.0.0):
    - LatentJamOrtOps/Core (= 1.0.0)
    - LatentJamOrtOps/Dotprod (= 1.0.0)
    - LatentJamOrtOps/I8mm (= 1.0.0)
  - LatentJamOrtOps/Core (1.0.0)
  - LatentJamOrtOps/Dotprod (1.0.0)
  - LatentJamOrtOps/I8mm (1.0.0)
  - onnxruntime-c (1.26.0)

DEPENDENCIES:
  - LatentJamOrtOps (from `../core/ort-ops`)
  - onnxruntime-c (= 1.26.0)

SPEC REPOS:
  trunk:
    - onnxruntime-c

EXTERNAL SOURCES:
  LatentJamOrtOps:
    :path: "../core/ort-ops"

SPEC CHECKSUMS:
  LatentJamOrtOps: ed6f77bef2d4c23f0a6f5d073c2bd5cd95cc5063
  onnxruntime-c: e6e9272f5996fed3ea3ca3c9bc843478b2ecbc73

PODFILE CHECKSUM: 213b954945807df08e0b09fc29f351936f667219

COCOAPODS: 1.17.0
