PODS:
  - LatentJamOrtOps (1.0.0)
  - onnxruntime-c (1.26.0)

DEPENDENCIES:
  - LatentJamOrtOps (from `../core/ort-ops`)
  - onnxruntime-c (= 1.26.0)

SPEC REPOS:
  trunk:
    - onnxruntime-c

EXTERNAL SOURCES:
  LatentJamOrtOps:
    :path: "../core/ort-ops"

SPEC CHECKSUMS:
  LatentJamOrtOps: 5fcde8bb7bca10feb39fa3dc13689e10a74815f7
  onnxruntime-c: e6e9272f5996fed3ea3ca3c9bc843478b2ecbc73

PODFILE CHECKSUM: 213b954945807df08e0b09fc29f351936f667219

COCOAPODS: 1.17.0
